# This file is automatically @generated by Cargo.
# It is not intended for manual editing.
version = 4

[[package]]
name = "catalyst-contracts"
version = "0.1.0"

[[package]]
name = "catalyst-execution-models"
version = "0.1.0"

[[package]]
name = "catalyst-portfolio-ledger"
version = "0.1.0"

[[package]]
name = "catalyst-simulation-engine"
version = "0.1.0"
dependencies = [
 "catalyst-execution-models",
 "catalyst-portfolio-ledger",
 "catalyst-simulation-policies",
]

[[package]]
name = "catalyst-simulation-policies"
version = "0.1.0"

[[package]]
name = "catalyst-simulation-service"
version = "0.1.0"
dependencies = [
 "catalyst-simulation-engine",
]
